{
  "name": "ultra-random-x",
  "version": "1.0.0",
  "lockfileVersion": 3,
  "requires": true,
  "packages": {
    "": {
      "name": "ultra-random-x",
      "version": "1.0.0",
      "license": "MIT",
      "dependencies": {
        "ultra-random-x": "^1.0.0"
      }
    },
    "node_modules/ultra-random-x": {
      "version": "1.0.0",
      "resolved": "https://registry.npmjs.org/ultra-random-x/-/ultra-random-x-1.0.0.tgz",
      "integrity": "sha512-CygC5ZxWLtDBpKyxKbuBmjjP9+UbpnjpXAcAbCjTs6pSgvHV9R8Umj9HKCHDWiG8lEG6hZuDGKJYlMTdvaMI7Q==",
      "license": "MIT"
    }
  }
}
